// !$*UTF8*$!
{
	archiveVersion = 1;
	classes = {
	};
	objectVersion = 56;
	objects = {

/* Begin PBXBuildFile section */
		4FA5D59A2C00133500EB412E /* AppDelegate.swift in Sources */ = {isa = PBXBuildFile; fileRef = 4FA5D5992C00133500EB412E /* AppDelegate.swift */; };
		4FA5D59C2C00133500EB412E /* SceneDelegate.swift in Sources */ = {isa = PBXBuildFile; fileRef = 4FA5D59B2C00133500EB412E /* SceneDelegate.swift */; };
		4FA5D59E2C00133500EB412E /* TableViewController.swift in Sources */ = {isa = PBXBuildFile; fileRef = 4FA5D59D2C00133500EB412E /* TableViewController.swift */; };
		4FA5D5A12C00133500EB412E /* Base in Resources */ = {isa = PBXBuildFile; fileRef = 4FA5D5A02C00133500EB412E /* Base */; };
		4FA5D5A32C00133600EB412E /* Assets.xcassets in Resources */ = {isa = PBXBuildFile; fileRef = 4FA5D5A22C00133600EB412E /* Assets.xcassets */; };
		4FA5D5A62C00133600EB412E /* Base in Resources */ = {isa = PBXBuildFile; fileRef = 4FA5D5A52C00133600EB412E /* Base */; };
		4FA5D5AE2C0045FE00EB412E /* ItemTableViewCell.swift in Sources */ = {isa = PBXBuildFile; fileRef = 4FA5D5AD2C0045FE00EB412E /* ItemTableViewCell.swift */; };
		4FA5D5B02C00465F00EB412E /* AddItemViewController.swift in Sources */ = {isa = PBXBuildFile; fileRef = 4FA5D5AF2C00465F00EB412E /* AddItemViewController.swift */; };
/* End PBXBuildFile section */

/* Begin PBXFileReference section */
		4FA5D5962C00133500EB412E /* YuchinanteKadai17.app */ = {isa = PBXFileReference; explicitFileType = wrapper.application; includeInIndex = 0; path = YuchinanteKadai17.app; sourceTree = BUILT_PRODUCTS_DIR; };
		4FA5D5992C00133500EB412E /* AppDelegate.swift */ = {isa = PBXFileReference; lastKnownFileType = sourcecode.swift; path = AppDelegate.swift; sourceTree = "<group>"; };
		4FA5D59B2C00133500EB412E /* SceneDelegate.swift */ = {isa = PBXFileReference; lastKnownFileType = sourcecode.swift; path = SceneDelegate.swift; sourceTree = "<group>"; };
		4FA5D59D2C00133500EB412E /* TableViewController.swift */ = {isa = PBXFileReference; lastKnownFileType = sourcecode.swift; path = TableViewController.swift; sourceTree = "<group>"; };
		4FA5D5A02C00133500EB412E /* Base */ = {isa = PBXFileReference; lastKnownFileType = file.storyboard; name = Base; path = Base.lproj/Main.storyboard; sourceTree = "<group>"; };
		4FA5D5A22C00133600EB412E /* Assets.xcassets */ = {isa = PBXFileReference; lastKnownFileType = folder.assetcatalog; path = Assets.xcassets; sourceTree = "<group>"; };
		4FA5D5A52C00133600EB412E /* Base */ = {isa = PBXFileReference; lastKnownFileType = file.storyboard; name = Base; path = Base.lproj/LaunchScreen.storyboard; sourceTree = "<group>"; };
		4FA5D5A72C00133600EB412E /* Info.plist */ = {isa = PBXFileReference; lastKnownFileType = text.plist.xml; path = Info.plist; sourceTree = "<group>"; };
		4FA5D5AD2C0045FE00EB412E /* ItemTableViewCell.swift */ = {isa = PBXFileReference; lastKnownFileType = sourcecode.swift; path = ItemTableViewCell.swift; sourceTree = "<group>"; };
		4FA5D5AF2C00465F00EB412E /* AddItemViewController.swift */ = {isa = PBXFileReference; lastKnownFileType = sourcecode.swift; path = AddItemViewController.swift; sourceTree = "<group>"; };
/* End PBXFileReference section */

/* Begin PBXFrameworksBuildPhase section */
		4FA5D5932C00133500EB412E /* Frameworks */ = {
			isa = PBXFrameworksBuildPhase;
			buildActionMask = 2147483647;
			files = (
			);
			runOnlyForDeploymentPostprocessing = 0;
		};
/* End PBXFrameworksBuildPhase section */

/* Begin PBXGroup section */
		4FA5D58D2C00133500EB412E = {
			isa = PBXGroup;
			children = (
				4FA5D5982C00133500EB412E /* YuchinanteKadai17 */,
				4FA5D5972C00133500EB412E /* Products */,
			);
			sourceTree = "<group>";
		};
		4FA5D5972C00133500EB412E /* Products */ = {
			isa = PBXGroup;
			children = (
				4FA5D5962C00133500EB412E /* YuchinanteKadai17.app */,
			);
			name = Products;
			sourceTree = "<group>";
		};
		4FA5D5982C00133500EB412E /* YuchinanteKadai17 */ = {
			isa = PBXGroup;
			children = (
				4FA5D5992C00133500EB412E /* AppDelegate.swift */,
				4FA5D59B2C00133500EB412E /* SceneDelegate.swift */,
				4FA5D59D2C00133500EB412E /* TableViewController.swift */,
				4FA5D5AF2C00465F00EB412E /* AddItemViewController.swift */,
				4FA5D5AD2C0045FE00EB412E /* ItemTableViewCell.swift */,
				4FA5D59F2C00133500EB412E /* Main.storyboard */,
				4FA5D5A22C00133600EB412E /* Assets.xcassets */,
				4FA5D5A42C00133600EB412E /* LaunchScreen.storyboard */,
				4FA5D5A72C00133600EB412E /* Info.plist */,
			);
			path = YuchinanteKadai17;
			sourceTree = "<group>";
		};
/* End PBXGroup section */

/* Begin PBXNativeTarget section */
		4FA5D5952C00133500EB412E /* YuchinanteKadai17 */ = {
			isa = PBXNativeTarget;
			buildConfigurationList = 4FA5D5AA2C00133600EB412E /* Build configuration list for PBXNativeTarget "YuchinanteKadai17" */;
			buildPhases = (
				4FA5D5922C00133500EB412E /* Sources */,
				4FA5D5932C00133500EB412E /* Frameworks */,
				4FA5D5942C00133500EB412E /* Resources */,
			);
			buildRules = (
			);
			dependencies = (
			);
			name = YuchinanteKadai17;
			productName = YuchinanteKadai17;
			productReference = 4FA5D5962C00133500EB412E /* YuchinanteKadai17.app */;
			productType = "com.apple.product-type.application";
		};
/* End PBXNativeTarget section */

/* Begin PBXProject section */
		4FA5D58E2C00133500EB412E /* Project object */ = {
			isa = PBXProject;
			attributes = {
				BuildIndependentTargetsInParallel = 1;
				LastSwiftUpdateCheck = 1540;
				LastUpgradeCheck = 1540;
				TargetAttributes = {
					4FA5D5952C00133500EB412E = {
						CreatedOnToolsVersion = 15.4;
					};
				};
			};
			buildConfigurationList = 4FA5D5912C00133500EB412E /* Build configuration list for PBXProject "YuchinanteKadai17" */;
			compatibilityVersion = "Xcode 14.0";
			developmentRegion = en;
			hasScannedForEncodings = 0;
			knownRegions = (
				en,
				Base,
			);
			mainGroup = 4FA5D58D2C00133500EB412E;
			productRefGroup = 4FA5D5972C00133500EB412E /* Products */;
			projectDirPath = "";
			projectRoot = "";
			targets = (
				4FA5D5952C00133500EB412E /* YuchinanteKadai17 */,
			);
		};
/* End PBXProject section */

/* Begin PBXResourcesBuildPhase section */
		4FA5D5942C00133500EB412E /* Resources */ = {
			isa = PBXResourcesBuildPhase;
			buildActionMask = 2147483647;
			files = (
				4FA5D5A32C00133600EB412E /* Assets.xcassets in Resources */,
				4FA5D5A62C00133600EB412E /* Base in Resources */,
				4FA5D5A12C00133500EB412E /* Base in Resources */,
			);
			runOnlyForDeploymentPostprocessing = 0;
		};
/* End PBXResourcesBuildPhase section */

/* Begin PBXSourcesBuildPhase section */
		4FA5D5922C00133500EB412E /* Sources */ = {
			isa = PBXSourcesBuildPhase;
			buildActionMask = 2147483647;
			files = (
				4FA5D5B02C00465F00EB412E /* AddItemViewController.swift in Sources */,
				4FA5D5AE2C0045FE00EB412E /* ItemTableViewCell.swift in Sources */,
				4FA5D59E2C00133500EB412E /* TableViewController.swift in Sources */,
				4FA5D59A2C00133500EB412E /* AppDelegate.swift in Sources */,
				4FA5D59C2C00133500EB412E /* SceneDelegate.swift in Sources */,
			);
			runOnlyForDeploymentPostprocessing = 0;
		};
/* End PBXSourcesBuildPhase section */

/* Begin PBXVariantGroup section */
		4FA5D59F2C00133500EB412E /* Main.storyboard */ = {
			isa = PBXVariantGroup;
			children = (
				4FA5D5A02C00133500EB412E /* Base */,
			);
			name = Main.storyboard;
			sourceTree = "<group>";
		};
		4FA5D5A42C00133600EB412E /* LaunchScreen.storyboard */ = {
			isa = PBXVariantGroup;
			children = (
				4FA5D5A52C00133600EB412E /* Base */,
			);
			name = LaunchScreen.storyboard;
			sourceTree = "<group>";
		};
/* End PBXVariantGroup section */

/* Begin XCBuildConfiguration section */
		4FA5D5A82C00133600EB412E /* Debug */ = {
			isa = XCBuildConfiguration;
			buildSettings = {
				ALWAYS_SEARCH_USER_PATHS = NO;
				ASSETCATALOG_COMPILER_GENERATE_SWIFT_ASSET_SYMBOL_EXTENSIONS = YES;
				CLANG_ANALYZER_NONNULL = YES;
				CLANG_ANALYZER_NUMBER_OBJECT_CONVERSION = YES_AGGRESSIVE;
				CLANG_CXX_LANGUAGE_STANDARD = "gnu++20";
				CLANG_ENABLE_MODULES = YES;
				CLANG_ENABLE_OBJC_ARC = YES;
				CLANG_ENABLE_OBJC_WEAK = YES;
				CLANG_WARN_BLOCK_CAPTURE_AUTORELEASING = YES;
				CLANG_WARN_BOOL_CONVERSION = YES;
				CLANG_WARN_COMMA = YES;
				CLANG_WARN_CONSTANT_CONVERSION = YES;
				CLANG_WARN_DEPRECATED_OBJC_IMPLEMENTATIONS = YES;
				CLANG_WARN_DIRECT_OBJC_ISA_USAGE = YES_ERROR;
				CLANG_WARN_DOCUMENTATION_COMMENTS = YES;
				CLANG_WARN_EMPTY_BODY = YES;
				CLANG_WARN_ENUM_CONVERSION = YES;
				CLANG_WARN_INFINITE_RECURSION = YES;
				CLANG_WARN_INT_CONVERSION = YES;
				CLANG_WARN_NON_LITERAL_NULL_CONVERSION = YES;
				CLANG_WARN_OBJC_IMPLICIT_RETAIN_SELF = YES;
				CLANG_WARN_OBJC_LITERAL_CONVERSION = YES;
				CLANG_WARN_OBJC_ROOT_CLASS = YES_ERROR;
				CLANG_WARN_QUOTED_INCLUDE_IN_FRAMEWORK_HEADER = YES;
				CLANG_WARN_RANGE_LOOP_ANALYSIS = YES;
				CLANG_WARN_STRICT_PROTOTYPES = YES;
				CLANG_WARN_SUSPICIOUS_MOVE = YES;
				CLANG_WARN_UNGUARDED_AVAILABILITY = YES_AGGRESSIVE;
				CLANG_WARN_UNREACHABLE_CODE = YES;
				CLANG_WARN__DUPLICATE_METHOD_MATCH = YES;
				COPY_PHASE_STRIP = NO;
				DEBUG_INFORMATION_FORMAT = dwarf;
				ENABLE_STRICT_OBJC_MSGSEND = YES;
				ENABLE_TESTABILITY = YES;
				ENABLE_USER_SCRIPT_SANDBOXING = YES;
				GCC_C_LANGUAGE_STANDARD = gnu17;
				GCC_DYNAMIC_NO_PIC = NO;
				GCC_NO_COMMON_BLOCKS = YES;
				GCC_OPTIMIZATION_LEVEL = 0;
				GCC_PREPROCESSOR_DEFINITIONS = (
					"DEBUG=1",
					"$(inherited)",
				);
				GCC_WARN_64_TO_32_BIT_CONVERSION = YES;
				GCC_WARN_ABOUT_RETURN_TYPE = YES_ERROR;
				GCC_WARN_UNDECLARED_SELECTOR = YES;
				GCC_WARN_UNINITIALIZED_AUTOS = YES_AGGRESSIVE;
				GCC_WARN_UNUSED_FUNCTION = YES;
				GCC_WARN_UNUSED_VARIABLE = YES;
				IPHONEOS_DEPLOYMENT_TARGET = 17.5;
				LOCALIZATION_PREFERS_STRING_CATALOGS = YES;
				MTL_ENABLE_DEBUG_INFO = INCLUDE_SOURCE;
				MTL_FAST_MATH = YES;
				ONLY_ACTIVE_ARCH = YES;
				SDKROOT = iphoneos;
				SWIFT_ACTIVE_COMPILATION_CONDITIONS = "DEBUG $(inherited)";
				SWIFT_OPTIMIZATION_LEVEL = "-Onone";
			};
			name = Debug;
		};
		4FA5D5A92C00133600EB412E /* Release */ = {
			isa = XCBuildConfiguration;
			buildSettings = {
				ALWAYS_SEARCH_USER_PATHS = NO;
				ASSETCATALOG_COMPILER_GENERATE_SWIFT_ASSET_SYMBOL_EXTENSIONS = YES;
				CLANG_ANALYZER_NONNULL = YES;
				CLANG_ANALYZER_NUMBER_OBJECT_CONVERSION = YES_AGGRESSIVE;
				CLANG_CXX_LANGUAGE_STANDARD = "gnu++20";
				CLANG_ENABLE_MODULES = YES;
				CLANG_ENABLE_OBJC_ARC = YES;
				CLANG_ENABLE_OBJC_WEAK = YES;
				CLANG_WARN_BLOCK_CAPTURE_AUTORELEASING = YES;
				CLANG_WARN_BOOL_CONVERSION = YES;
				CLANG_WARN_COMMA = YES;
				CLANG_WARN_CONSTANT_CONVERSION = YES;
				CLANG_WARN_DEPRECATED_OBJC_IMPLEMENTATIONS = YES;
				CLANG_WARN_DIRECT_OBJC_ISA_USAGE = YES_ERROR;
				CLANG_WARN_DOCUMENTATION_COMMENTS = YES;
				CLANG_WARN_EMPTY_BODY = YES;
				CLANG_WARN_ENUM_CONVERSION = YES;
				CLANG_WARN_INFINITE_RECURSION = YES;
				CLANG_WARN_INT_CONVERSION = YES;
				CLANG_WARN_NON_LITERAL_NULL_CONVERSION = YES;
				CLANG_WARN_OBJC_IMPLICIT_RETAIN_SELF = YES;
				CLANG_WARN_OBJC_LITERAL_CONVERSION = YES;
				CLANG_WARN_OBJC_ROOT_CLASS = YES_ERROR;
				CLANG_WARN_QUOTED_INCLUDE_IN_FRAMEWORK_HEADER = YES;
				CLANG_WARN_RANGE_LOOP_ANALYSIS = YES;
				CLANG_WARN_STRICT_PROTOTYPES = YES;
				CLANG_WARN_SUSPICIOUS_MOVE = YES;
				CLANG_WARN_UNGUARDED_AVAILABILITY = YES_AGGRESSIVE;
				CLANG_WARN_UNREACHABLE_CODE = YES;
				CLANG_WARN__DUPLICATE_METHOD_MATCH = YES;
				COPY_PHASE_STRIP = NO;
				DEBUG_INFORMATION_FORMAT = "dwarf-with-dsym";
				ENABLE_NS_ASSERTIONS = NO;
				ENABLE_STRICT_OBJC_MSGSEND = YES;
				ENABLE_USER_SCRIPT_SANDBOXING = YES;
				GCC_C_LANGUAGE_STANDARD = gnu17;
				GCC_NO_COMMON_BLOCKS = YES;
				GCC_WARN_64_TO_32_BIT_CONVERSION = YES;
				GCC_WARN_ABOUT_RETURN_TYPE = YES_ERROR;
				GCC_WARN_UNDECLARED_SELECTOR = YES;
				GCC_WARN_UNINITIALIZED_AUTOS = YES_AGGRESSIVE;
				GCC_WARN_UNUSED_FUNCTION = YES;
				GCC_WARN_UNUSED_VARIABLE = YES;
				IPHONEOS_DEPLOYMENT_TARGET = 17.5;
				LOCALIZATION_PREFERS_STRING_CATALOGS = YES;
				MTL_ENABLE_DEBUG_INFO = NO;
				MTL_FAST_MATH = YES;
				SDKROOT = iphoneos;
				SWIFT_COMPILATION_MODE = wholemodule;
				VALIDATE_PRODUCT = YES;
			};
			name = Release;
		};
		4FA5D5AB2C00133600EB412E /* Debug */ = {
			isa = XCBuildConfiguration;
			buildSettings = {
				ASSETCATALOG_COMPILER_APPICON_NAME = AppIcon;
				ASSETCATALOG_COMPILER_GLOBAL_ACCENT_COLOR_NAME = AccentColor;
				CODE_SIGN_STYLE = Automatic;
				CURRENT_PROJECT_VERSION = 1;
				DEVELOPMENT_TEAM = 4WRX528UUC;
				GENERATE_INFOPLIST_FILE = YES;
				INFOPLIST_FILE = YuchinanteKadai17/Info.plist;
				INFOPLIST_KEY_UIApplicationSupportsIndirectInputEvents = YES;
				INFOPLIST_KEY_UILaunchStoryboardName = LaunchScreen;
				INFOPLIST_KEY_UIMainStoryboardFile = Main;
				INFOPLIST_KEY_UISupportedInterfaceOrientations_iPad = "UIInterfaceOrientationPortrait UIInterfaceOrientationPortraitUpsideDown UIInterfaceOrientationLandscapeLeft UIInterfaceOrientationLandscapeRight";
				INFOPLIST_KEY_UISupportedInterfaceOrientations_iPhone = "UIInterfaceOrientationPortrait UIInterfaceOrientationLandscapeLeft UIInterfaceOrientationLandscapeRight";
				LD_RUNPATH_SEARCH_PATHS = (
					"$(inherited)",
					"@executable_path/Frameworks",
				);
				MARKETING_VERSION = 1.0;
				PRODUCT_BUNDLE_IDENTIFIER = "com.yuya4514-icloud.YuchinanteKadai17";
				PRODUCT_NAME = "$(TARGET_NAME)";
				SWIFT_EMIT_LOC_STRINGS = YES;
				SWIFT_VERSION = 5.0;
				TARGETED_DEVICE_FAMILY = "1,2";
			};
			name = Debug;
		};
		4FA5D5AC2C00133600EB412E /* Release */ = {
			isa = XCBuildConfiguration;
			buildSettings = {
				ASSETCATALOG_COMPILER_APPICON_NAME = AppIcon;
				ASSETCATALOG_COMPILER_GLOBAL_ACCENT_COLOR_NAME = AccentColor;
				CODE_SIGN_STYLE = Automatic;
				CURRENT_PROJECT_VERSION = 1;
				DEVELOPMENT_TEAM = 4WRX528UUC;
				GENERATE_INFOPLIST_FILE = YES;
				INFOPLIST_FILE = YuchinanteKadai17/Info.plist;
				INFOPLIST_KEY_UIApplicationSupportsIndirectInputEvents = YES;
				INFOPLIST_KEY_UILaunchStoryboardName = LaunchScreen;
				INFOPLIST_KEY_UIMainStoryboardFile = Main;
				INFOPLIST_KEY_UISupportedInterfaceOrientations_iPad = "UIInterfaceOrientationPortrait UIInterfaceOrientationPortraitUpsideDown UIInterfaceOrientationLandscapeLeft UIInterfaceOrientationLandscapeRight";
				INFOPLIST_KEY_UISupportedInterfaceOrientations_iPhone = "UIInterfaceOrientationPortrait UIInterfaceOrientationLandscapeLeft UIInterfaceOrientationLandscapeRight";
				LD_RUNPATH_SEARCH_PATHS = (
					"$(inherited)",
					"@executable_path/Frameworks",
				);
				MARKETING_VERSION = 1.0;
				PRODUCT_BUNDLE_IDENTIFIER = "com.yuya4514-icloud.YuchinanteKadai17";
				PRODUCT_NAME = "$(TARGET_NAME)";
				SWIFT_EMIT_LOC_STRINGS = YES;
				SWIFT_VERSION = 5.0;
				TARGETED_DEVICE_FAMILY = "1,2";
			};
			name = Release;
		};
/* End XCBuildConfiguration section */

/* Begin XCConfigurationList section */
		4FA5D5912C00133500EB412E /* Build configuration list for PBXProject "YuchinanteKadai17" */ = {
			isa = XCConfigurationList;
			buildConfigurations = (
				4FA5D5A82C00133600EB412E /* Debug */,
				4FA5D5A92C00133600EB412E /* Release */,
			);
			defaultConfigurationIsVisible = 0;
			defaultConfigurationName = Release;
		};
		4FA5D5AA2C00133600EB412E /* Build configuration list for PBXNativeTarget "YuchinanteKadai17" */ = {
			isa = XCConfigurationList;
			buildConfigurations = (
				4FA5D5AB2C00133600EB412E /* Debug */,
				4FA5D5AC2C00133600EB412E /* Release */,
			);
			defaultConfigurationIsVisible = 0;
			defaultConfigurationName = Release;
		};
/* End XCConfigurationList section */
	};
	rootObject = 4FA5D58E2C00133500EB412E /* Project object */;
}
